
Microsoft Visual Studio Solution File, Format Version 12.00
# Visual Studio 15
Project("{FAE04EC0-301F-11D3-BF4B-00C04F79EFBC}") = "Assembly-CSharp", "Assembly-CSharp.csproj", "{BD3E2477-F7AB-9677-A048-B261E8E9A56F}"
EndProject
Project("{FAE04EC0-301F-11D3-BF4B-00C04F79EFBC}") = "TexturePacker.Runtime", "TexturePacker.Runtime.csproj", "{6B9A404F-2048-94EC-E1A2-2BC8CE57E259}"
EndProject
Project("{FAE04EC0-301F-11D3-BF4B-00C04F79EFBC}") = "TexturePacker.Editor", "TexturePacker.Editor.csproj", "{AB483262-5D4C-87B6-8FE9-8526542982EA}"
EndProject
Global
	GlobalSection(SolutionConfigurationPlatforms) = preSolution
		Debug|Any CPU = Debug|Any CPU
		Release|Any CPU = Release|Any CPU
	EndGlobalSection
	GlobalSection(ProjectConfigurationPlatforms) = postSolution
		{BD3E2477-F7AB-9677-A048-B261E8E9A56F}.Debug|Any CPU.ActiveCfg = Debug|Any CPU
		{BD3E2477-F7AB-9677-A048-B261E8E9A56F}.Debug|Any CPU.Build.0 = Debug|Any CPU
		{BD3E2477-F7AB-9677-A048-B261E8E9A56F}.Release|Any CPU.ActiveCfg = Release|Any CPU
		{BD3E2477-F7AB-9677-A048-B261E8E9A56F}.Release|Any CPU.Build.0 = Release|Any CPU
		{6B9A404F-2048-94EC-E1A2-2BC8CE57E259}.Debug|Any CPU.ActiveCfg = Debug|Any CPU
		{6B9A404F-2048-94EC-E1A2-2BC8CE57E259}.Debug|Any CPU.Build.0 = Debug|Any CPU
		{6B9A404F-2048-94EC-E1A2-2BC8CE57E259}.Release|Any CPU.ActiveCfg = Release|Any CPU
		{6B9A404F-2048-94EC-E1A2-2BC8CE57E259}.Release|Any CPU.Build.0 = Release|Any CPU
		{AB483262-5D4C-87B6-8FE9-8526542982EA}.Debug|Any CPU.ActiveCfg = Debug|Any CPU
		{AB483262-5D4C-87B6-8FE9-8526542982EA}.Debug|Any CPU.Build.0 = Debug|Any CPU
		{AB483262-5D4C-87B6-8FE9-8526542982EA}.Release|Any CPU.ActiveCfg = Release|Any CPU
		{AB483262-5D4C-87B6-8FE9-8526542982EA}.Release|Any CPU.Build.0 = Release|Any CPU
	EndGlobalSection
	GlobalSection(SolutionProperties) = preSolution
		HideSolutionNode = FALSE
	EndGlobalSection
EndGlobal
